
Microsoft Visual Studio Solution File, Format Version 12.00
# Visual Studio Version 16
VisualStudioVersion = 16.0.31911.196
MinimumVisualStudioVersion = 10.0.40219.1
Project("{FAE04EC0-301F-11D3-BF4B-00C04F79EFBC}") = "gk-p4", "gk-p4.csproj", "{5FB61164-C25A-4E77-84D4-8E33AABBE207}"
EndProject
Global
	GlobalSection(SolutionConfigurationPlatforms) = preSolution
		Debug|Any CPU = Debug|Any CPU
		Release|Any CPU = Release|Any CPU
	EndGlobalSection
	GlobalSection(ProjectConfigurationPlatforms) = postSolution
		{5FB61164-C25A-4E77-84D4-8E33AABBE207}.Debug|Any CPU.ActiveCfg = Debug|Any CPU
		{5FB61164-C25A-4E77-84D4-8E33AABBE207}.Debug|Any CPU.Build.0 = Debug|Any CPU
		{5FB61164-C25A-4E77-84D4-8E33AABBE207}.Release|Any CPU.ActiveCfg = Release|Any CPU
		{5FB61164-C25A-4E77-84D4-8E33AABBE207}.Release|Any CPU.Build.0 = Release|Any CPU
	EndGlobalSection
	GlobalSection(SolutionProperties) = preSolution
		HideSolutionNode = FALSE
	EndGlobalSection
	GlobalSection(ExtensibilityGlobals) = postSolution
		SolutionGuid = {95FBB006-0FE5-4C43-9137-BA48F24BB58F}
	EndGlobalSection
EndGlobal
